
Microsoft Visual Studio Solution File, Format Version 12.00
# Visual Studio 15
VisualStudioVersion = 15.0.28307.106
MinimumVisualStudioVersion = 10.0.40219.1
Project("{FAE04EC0-301F-11D3-BF4B-00C04F79EFBC}") = "BBMonitor.Android", "BBMonitor\BBMonitor.Android\BBMonitor.Android.csproj", "{D9F0ED1F-20F1-4D23-8F68-2B24882F76B8}"
EndProject
Project("{FAE04EC0-301F-11D3-BF4B-00C04F79EFBC}") = "BBMonitor.iOS", "BBMonitor\BBMonitor.iOS\BBMonitor.iOS.csproj", "{E8A77CA3-96F1-4D02-AEA7-4615136658D9}"
EndProject
Project("{FAE04EC0-301F-11D3-BF4B-00C04F79EFBC}") = "BBMonitor.UWP", "BBMonitor\BBMonitor.UWP\BBMonitor.UWP.csproj", "{BE301715-B1C1-40F2-BED8-EC754D60B1B9}"
EndProject
Project("{9A19103F-16F7-4668-BE54-9A1E7A4F7556}") = "BBMonitor", "BBMonitor\BBMonitor\BBMonitor.csproj", "{568B1EBC-B183-4643-8079-A1481376C849}"
EndProject
Project("{2150E333-8FDC-42A3-9474-1A3956D46DE8}") = "Requirement", "Requirement", "{DD9EA899-55BA-4CE5-8A1F-70C48FC3B2F8}"
	ProjectSection(SolutionItems) = preProject
		Requerimientos.txt = Requerimientos.txt
	EndProjectSection
EndProject
Global
	GlobalSection(SolutionConfigurationPlatforms) = preSolution
		Ad-Hoc|Any CPU = Ad-Hoc|Any CPU
		Ad-Hoc|ARM = Ad-Hoc|ARM
		Ad-Hoc|iPhone = Ad-Hoc|iPhone
		Ad-Hoc|iPhoneSimulator = Ad-Hoc|iPhoneSimulator
		Ad-Hoc|x64 = Ad-Hoc|x64
		Ad-Hoc|x86 = Ad-Hoc|x86
		AppStore|Any CPU = AppStore|Any CPU
		AppStore|ARM = AppStore|ARM
		AppStore|iPhone = AppStore|iPhone
		AppStore|iPhoneSimulator = AppStore|iPhoneSimulator
		AppStore|x64 = AppStore|x64
		AppStore|x86 = AppStore|x86
		Debug|Any CPU = Debug|Any CPU
		Debug|ARM = Debug|ARM
		Debug|iPhone = Debug|iPhone
		Debug|iPhoneSimulator = Debug|iPhoneSimulator
		Debug|x64 = Debug|x64
		Debug|x86 = Debug|x86
		Release|Any CPU = Release|Any CPU
		Release|ARM = Release|ARM
		Release|iPhone = Release|iPhone
		Release|iPhoneSimulator = Release|iPhoneSimulator
		Release|x64 = Release|x64
		Release|x86 = Release|x86
	EndGlobalSection
	GlobalSection(ProjectConfigurationPlatforms) = postSolution
		{D9F0ED1F-20F1-4D23-8F68-2B24882F76B8}.Ad-Hoc|Any CPU.ActiveCfg = Release|Any CPU
		{D9F0ED1F-20F1-4D23-8F68-2B24882F76B8}.Ad-Hoc|Any CPU.Build.0 = Release|Any CPU
		{D9F0ED1F-20F1-4D23-8F68-2B24882F76B8}.Ad-Hoc|Any CPU.Deploy.0 = Release|Any CPU
		{D9F0ED1F-20F1-4D23-8F68-2B24882F76B8}.Ad-Hoc|ARM.ActiveCfg = Release|Any CPU
		{D9F0ED1F-20F1-4D23-8F68-2B24882F76B8}.Ad-Hoc|ARM.Build.0 = Release|Any CPU
		{D9F0ED1F-20F1-4D23-8F68-2B24882F76B8}.Ad-Hoc|ARM.Deploy.0 = Release|Any CPU
		{D9F0ED1F-20F1-4D23-8F68-2B24882F76B8}.Ad-Hoc|iPhone.ActiveCfg = Release|Any CPU
		{D9F0ED1F-20F1-4D23-8F68-2B24882F76B8}.Ad-Hoc|iPhone.Build.0 = Release|Any CPU
		{D9F0ED1F-20F1-4D23-8F68-2B24882F76B8}.Ad-Hoc|iPhone.Deploy.0 = Release|Any CPU
		{D9F0ED1F-20F1-4D23-8F68-2B24882F76B8}.Ad-Hoc|iPhoneSimulator.ActiveCfg = Release|Any CPU
		{D9F0ED1F-20F1-4D23-8F68-2B24882F76B8}.Ad-Hoc|iPhoneSimulator.Build.0 = Release|Any CPU
		{D9F0ED1F-20F1-4D23-8F68-2B24882F76B8}.Ad-Hoc|iPhoneSimulator.Deploy.0 = Release|Any CPU
		{D9F0ED1F-20F1-4D23-8F68-2B24882F76B8}.Ad-Hoc|x64.ActiveCfg = Release|Any CPU
		{D9F0ED1F-20F1-4D23-8F68-2B24882F76B8}.Ad-Hoc|x64.Build.0 = Release|Any CPU
		{D9F0ED1F-20F1-4D23-8F68-2B24882F76B8}.Ad-Hoc|x64.Deploy.0 = Release|Any CPU
		{D9F0ED1F-20F1-4D23-8F68-2B24882F76B8}.Ad-Hoc|x86.ActiveCfg = Release|Any CPU
		{D9F0ED1F-20F1-4D23-8F68-2B24882F76B8}.Ad-Hoc|x86.Build.0 = Release|Any CPU
		{D9F0ED1F-20F1-4D23-8F68-2B24882F76B8}.Ad-Hoc|x86.Deploy.0 = Release|Any CPU
		{D9F0ED1F-20F1-4D23-8F68-2B24882F76B8}.AppStore|Any CPU.ActiveCfg = Release|Any CPU
		{D9F0ED1F-20F1-4D23-8F68-2B24882F76B8}.AppStore|Any CPU.Build.0 = Release|Any CPU
		{D9F0ED1F-20F1-4D23-8F68-2B24882F76B8}.AppStore|Any CPU.Deploy.0 = Release|Any CPU
		{D9F0ED1F-20F1-4D23-8F68-2B24882F76B8}.AppStore|ARM.ActiveCfg = Release|Any CPU
		{D9F0ED1F-20F1-4D23-8F68-2B24882F76B8}.AppStore|ARM.Build.0 = Release|Any CPU
		{D9F0ED1F-20F1-4D23-8F68-2B24882F76B8}.AppStore|ARM.Deploy.0 = Release|Any CPU
		{D9F0ED1F-20F1-4D23-8F68-2B24882F76B8}.AppStore|iPhone.ActiveCfg = Release|Any CPU
		{D9F0ED1F-20F1-4D23-8F68-2B24882F76B8}.AppStore|iPhone.Build.0 = Release|Any CPU
		{D9F0ED1F-20F1-4D23-8F68-2B24882F76B8}.AppStore|iPhone.Deploy.0 = Release|Any CPU
		{D9F0ED1F-20F1-4D23-8F68-2B24882F76B8}.AppStore|iPhoneSimulator.ActiveCfg = Release|Any CPU
		{D9F0ED1F-20F1-4D23-8F68-2B24882F76B8}.AppStore|iPhoneSimulator.Build.0 = Release|Any CPU
		{D9F0ED1F-20F1-4D23-8F68-2B24882F76B8}.AppStore|iPhoneSimulator.Deploy.0 = Release|Any CPU
		{D9F0ED1F-20F1-4D23-8F68-2B24882F76B8}.AppStore|x64.ActiveCfg = Release|Any CPU
		{D9F0ED1F-20F1-4D23-8F68-2B24882F76B8}.AppStore|x64.Build.0 = Release|Any CPU
		{D9F0ED1F-20F1-4D23-8F68-2B24882F76B8}.AppStore|x64.Deploy.0 = Release|Any CPU
		{D9F0ED1F-20F1-4D23-8F68-2B24882F76B8}.AppStore|x86.ActiveCfg = Release|Any CPU
		{D9F0ED1F-20F1-4D23-8F68-2B24882F76B8}.AppStore|x86.Build.0 = Release|Any CPU
		{D9F0ED1F-20F1-4D23-8F68-2B24882F76B8}.AppStore|x86.Deploy.0 = Release|Any CPU
		{D9F0ED1F-20F1-4D23-8F68-2B24882F76B8}.Debug|Any CPU.ActiveCfg = Debug|Any CPU
		{D9F0ED1F-20F1-4D23-8F68-2B24882F76B8}.Debug|Any CPU.Build.0 = Debug|Any CPU
		{D9F0ED1F-20F1-4D23-8F68-2B24882F76B8}.Debug|Any CPU.Deploy.0 = Debug|Any CPU
		{D9F0ED1F-20F1-4D23-8F68-2B24882F76B8}.Debug|ARM.ActiveCfg = Debug|Any CPU
		{D9F0ED1F-20F1-4D23-8F68-2B24882F76B8}.Debug|ARM.Build.0 = Debug|Any CPU
		{D9F0ED1F-20F1-4D23-8F68-2B24882F76B8}.Debug|ARM.Deploy.0 = Debug|Any CPU
		{D9F0ED1F-20F1-4D23-8F68-2B24882F76B8}.Debug|iPhone.ActiveCfg = Debug|Any CPU
		{D9F0ED1F-20F1-4D23-8F68-2B24882F76B8}.Debug|iPhone.Build.0 = Debug|Any CPU
		{D9F0ED1F-20F1-4D23-8F68-2B24882F76B8}.Debug|iPhone.Deploy.0 = Debug|Any CPU
		{D9F0ED1F-20F1-4D23-8F68-2B24882F76B8}.Debug|iPhoneSimulator.ActiveCfg = Debug|Any CPU
		{D9F0ED1F-20F1-4D23-8F68-2B24882F76B8}.Debug|iPhoneSimulator.Build.0 = Debug|Any CPU
		{D9F0ED1F-20F1-4D23-8F68-2B24882F76B8}.Debug|iPhoneSimulator.Deploy.0 = Debug|Any CPU
		{D9F0ED1F-20F1-4D23-8F68-2B24882F76B8}.Debug|x64.ActiveCfg = Debug|Any CPU
		{D9F0ED1F-20F1-4D23-8F68-2B24882F76B8}.Debug|x64.Build.0 = Debug|Any CPU
		{D9F0ED1F-20F1-4D23-8F68-2B24882F76B8}.Debug|x64.Deploy.0 = Debug|Any CPU
		{D9F0ED1F-20F1-4D23-8F68-2B24882F76B8}.Debug|x86.ActiveCfg = Debug|Any CPU
		{D9F0ED1F-20F1-4D23-8F68-2B24882F76B8}.Debug|x86.Build.0 = Debug|Any CPU
		{D9F0ED1F-20F1-4D23-8F68-2B24882F76B8}.Debug|x86.Deploy.0 = Debug|Any CPU
		{D9F0ED1F-20F1-4D23-8F68-2B24882F76B8}.Release|Any CPU.ActiveCfg = Release|Any CPU
		{D9F0ED1F-20F1-4D23-8F68-2B24882F76B8}.Release|Any CPU.Build.0 = Release|Any CPU
		{D9F0ED1F-20F1-4D23-8F68-2B24882F76B8}.Release|Any CPU.Deploy.0 = Release|Any CPU
		{D9F0ED1F-20F1-4D23-8F68-2B24882F76B8}.Release|ARM.ActiveCfg = Release|Any CPU
		{D9F0ED1F-20F1-4D23-8F68-2B24882F76B8}.Release|ARM.Build.0 = Release|Any CPU
		{D9F0ED1F-20F1-4D23-8F68-2B24882F76B8}.Release|ARM.Deploy.0 = Release|Any CPU
		{D9F0ED1F-20F1-4D23-8F68-2B24882F76B8}.Release|iPhone.ActiveCfg = Release|Any CPU
		{D9F0ED1F-20F1-4D23-8F68-2B24882F76B8}.Release|iPhone.Build.0 = Release|Any CPU
		{D9F0ED1F-20F1-4D23-8F68-2B24882F76B8}.Release|iPhone.Deploy.0 = Release|Any CPU
		{D9F0ED1F-20F1-4D23-8F68-2B24882F76B8}.Release|iPhoneSimulator.ActiveCfg = Release|Any CPU
		{D9F0ED1F-20F1-4D23-8F68-2B24882F76B8}.Release|iPhoneSimulator.Build.0 = Release|Any CPU
		{D9F0ED1F-20F1-4D23-8F68-2B24882F76B8}.Release|iPhoneSimulator.Deploy.0 = Release|Any CPU
		{D9F0ED1F-20F1-4D23-8F68-2B24882F76B8}.Release|x64.ActiveCfg = Release|Any CPU
		{D9F0ED1F-20F1-4D23-8F68-2B24882F76B8}.Release|x64.Build.0 = Release|Any CPU
		{D9F0ED1F-20F1-4D23-8F68-2B24882F76B8}.Release|x64.Deploy.0 = Release|Any CPU
		{D9F0ED1F-20F1-4D23-8F68-2B24882F76B8}.Release|x86.ActiveCfg = Release|Any CPU
		{D9F0ED1F-20F1-4D23-8F68-2B24882F76B8}.Release|x86.Build.0 = Release|Any CPU
		{D9F0ED1F-20F1-4D23-8F68-2B24882F76B8}.Release|x86.Deploy.0 = Release|Any CPU
		{E8A77CA3-96F1-4D02-AEA7-4615136658D9}.Ad-Hoc|Any CPU.ActiveCfg = Ad-Hoc|iPhone
		{E8A77CA3-96F1-4D02-AEA7-4615136658D9}.Ad-Hoc|Any CPU.Build.0 = Ad-Hoc|iPhone
		{E8A77CA3-96F1-4D02-AEA7-4615136658D9}.Ad-Hoc|Any CPU.Deploy.0 = Ad-Hoc|iPhone
		{E8A77CA3-96F1-4D02-AEA7-4615136658D9}.Ad-Hoc|ARM.ActiveCfg = Ad-Hoc|iPhone
		{E8A77CA3-96F1-4D02-AEA7-4615136658D9}.Ad-Hoc|ARM.Build.0 = Ad-Hoc|iPhone
		{E8A77CA3-96F1-4D02-AEA7-4615136658D9}.Ad-Hoc|ARM.Deploy.0 = Ad-Hoc|iPhone
		{E8A77CA3-96F1-4D02-AEA7-4615136658D9}.Ad-Hoc|iPhone.ActiveCfg = Ad-Hoc|iPhone
		{E8A77CA3-96F1-4D02-AEA7-4615136658D9}.Ad-Hoc|iPhone.Build.0 = Ad-Hoc|iPhone
		{E8A77CA3-96F1-4D02-AEA7-4615136658D9}.Ad-Hoc|iPhone.Deploy.0 = Ad-Hoc|iPhone
		{E8A77CA3-96F1-4D02-AEA7-4615136658D9}.Ad-Hoc|iPhoneSimulator.ActiveCfg = Ad-Hoc|iPhoneSimulator
		{E8A77CA3-96F1-4D02-AEA7-4615136658D9}.Ad-Hoc|iPhoneSimulator.Build.0 = Ad-Hoc|iPhoneSimulator
		{E8A77CA3-96F1-4D02-AEA7-4615136658D9}.Ad-Hoc|iPhoneSimulator.Deploy.0 = Ad-Hoc|iPhoneSimulator
		{E8A77CA3-96F1-4D02-AEA7-4615136658D9}.Ad-Hoc|x64.ActiveCfg = Ad-Hoc|iPhone
		{E8A77CA3-96F1-4D02-AEA7-4615136658D9}.Ad-Hoc|x64.Build.0 = Ad-Hoc|iPhone
		{E8A77CA3-96F1-4D02-AEA7-4615136658D9}.Ad-Hoc|x64.Deploy.0 = Ad-Hoc|iPhone
		{E8A77CA3-96F1-4D02-AEA7-4615136658D9}.Ad-Hoc|x86.ActiveCfg = Ad-Hoc|iPhone
		{E8A77CA3-96F1-4D02-AEA7-4615136658D9}.Ad-Hoc|x86.Build.0 = Ad-Hoc|iPhone
		{E8A77CA3-96F1-4D02-AEA7-4615136658D9}.Ad-Hoc|x86.Deploy.0 = Ad-Hoc|iPhone
		{E8A77CA3-96F1-4D02-AEA7-4615136658D9}.AppStore|Any CPU.ActiveCfg = AppStore|iPhone
		{E8A77CA3-96F1-4D02-AEA7-4615136658D9}.AppStore|Any CPU.Build.0 = AppStore|iPhone
		{E8A77CA3-96F1-4D02-AEA7-4615136658D9}.AppStore|Any CPU.Deploy.0 = AppStore|iPhone
		{E8A77CA3-96F1-4D02-AEA7-4615136658D9}.AppStore|ARM.ActiveCfg = AppStore|iPhone
		{E8A77CA3-96F1-4D02-AEA7-4615136658D9}.AppStore|ARM.Build.0 = AppStore|iPhone
		{E8A77CA3-96F1-4D02-AEA7-4615136658D9}.AppStore|ARM.Deploy.0 = AppStore|iPhone
		{E8A77CA3-96F1-4D02-AEA7-4615136658D9}.AppStore|iPhone.ActiveCfg = AppStore|iPhone
		{E8A77CA3-96F1-4D02-AEA7-4615136658D9}.AppStore|iPhone.Build.0 = AppStore|iPhone
		{E8A77CA3-96F1-4D02-AEA7-4615136658D9}.AppStore|iPhone.Deploy.0 = AppStore|iPhone
		{E8A77CA3-96F1-4D02-AEA7-4615136658D9}.AppStore|iPhoneSimulator.ActiveCfg = AppStore|iPhoneSimulator
		{E8A77CA3-96F1-4D02-AEA7-4615136658D9}.AppStore|iPhoneSimulator.Build.0 = AppStore|iPhoneSimulator
		{E8A77CA3-96F1-4D02-AEA7-4615136658D9}.AppStore|iPhoneSimulator.Deploy.0 = AppStore|iPhoneSimulator
		{E8A77CA3-96F1-4D02-AEA7-4615136658D9}.AppStore|x64.ActiveCfg = AppStore|iPhone
		{E8A77CA3-96F1-4D02-AEA7-4615136658D9}.AppStore|x64.Build.0 = AppStore|iPhone
		{E8A77CA3-96F1-4D02-AEA7-4615136658D9}.AppStore|x64.Deploy.0 = AppStore|iPhone
		{E8A77CA3-96F1-4D02-AEA7-4615136658D9}.AppStore|x86.ActiveCfg = AppStore|iPhone
		{E8A77CA3-96F1-4D02-AEA7-4615136658D9}.AppStore|x86.Build.0 = AppStore|iPhone
		{E8A77CA3-96F1-4D02-AEA7-4615136658D9}.AppStore|x86.Deploy.0 = AppStore|iPhone
		{E8A77CA3-96F1-4D02-AEA7-4615136658D9}.Debug|Any CPU.ActiveCfg = Debug|iPhoneSimulator
		{E8A77CA3-96F1-4D02-AEA7-4615136658D9}.Debug|Any CPU.Build.0 = Debug|iPhoneSimulator
		{E8A77CA3-96F1-4D02-AEA7-4615136658D9}.Debug|Any CPU.Deploy.0 = Debug|iPhoneSimulator
		{E8A77CA3-96F1-4D02-AEA7-4615136658D9}.Debug|ARM.ActiveCfg = Debug|iPhone
		{E8A77CA3-96F1-4D02-AEA7-4615136658D9}.Debug|ARM.Build.0 = Debug|iPhone
		{E8A77CA3-96F1-4D02-AEA7-4615136658D9}.Debug|ARM.Deploy.0 = Debug|iPhone
		{E8A77CA3-96F1-4D02-AEA7-4615136658D9}.Debug|iPhone.ActiveCfg = Debug|iPhone
		{E8A77CA3-96F1-4D02-AEA7-4615136658D9}.Debug|iPhone.Build.0 = Debug|iPhone
		{E8A77CA3-96F1-4D02-AEA7-4615136658D9}.Debug|iPhone.Deploy.0 = Debug|iPhone
		{E8A77CA3-96F1-4D02-AEA7-4615136658D9}.Debug|iPhoneSimulator.ActiveCfg = Debug|iPhoneSimulator
		{E8A77CA3-96F1-4D02-AEA7-4615136658D9}.Debug|iPhoneSimulator.Build.0 = Debug|iPhoneSimulator
		{E8A77CA3-96F1-4D02-AEA7-4615136658D9}.Debug|iPhoneSimulator.Deploy.0 = Debug|iPhoneSimulator
		{E8A77CA3-96F1-4D02-AEA7-4615136658D9}.Debug|x64.ActiveCfg = Debug|iPhone
		{E8A77CA3-96F1-4D02-AEA7-4615136658D9}.Debug|x64.Build.0 = Debug|iPhone
		{E8A77CA3-96F1-4D02-AEA7-4615136658D9}.Debug|x64.Deploy.0 = Debug|iPhone
		{E8A77CA3-96F1-4D02-AEA7-4615136658D9}.Debug|x86.ActiveCfg = Debug|iPhone
		{E8A77CA3-96F1-4D02-AEA7-4615136658D9}.Debug|x86.Build.0 = Debug|iPhone
		{E8A77CA3-96F1-4D02-AEA7-4615136658D9}.Debug|x86.Deploy.0 = Debug|iPhone
		{E8A77CA3-96F1-4D02-AEA7-4615136658D9}.Release|Any CPU.ActiveCfg = Release|iPhone
		{E8A77CA3-96F1-4D02-AEA7-4615136658D9}.Release|Any CPU.Build.0 = Release|iPhone
		{E8A77CA3-96F1-4D02-AEA7-4615136658D9}.Release|Any CPU.Deploy.0 = Release|iPhone
		{E8A77CA3-96F1-4D02-AEA7-4615136658D9}.Release|ARM.ActiveCfg = Release|iPhone
		{E8A77CA3-96F1-4D02-AEA7-4615136658D9}.Release|ARM.Build.0 = Release|iPhone
		{E8A77CA3-96F1-4D02-AEA7-4615136658D9}.Release|ARM.Deploy.0 = Release|iPhone
		{E8A77CA3-96F1-4D02-AEA7-4615136658D9}.Release|iPhone.ActiveCfg = Release|iPhone
		{E8A77CA3-96F1-4D02-AEA7-4615136658D9}.Release|iPhone.Build.0 = Release|iPhone
		{E8A77CA3-96F1-4D02-AEA7-4615136658D9}.Release|iPhone.Deploy.0 = Release|iPhone
		{E8A77CA3-96F1-4D02-AEA7-4615136658D9}.Release|iPhoneSimulator.ActiveCfg = Release|iPhoneSimulator
		{E8A77CA3-96F1-4D02-AEA7-4615136658D9}.Release|iPhoneSimulator.Build.0 = Release|iPhoneSimulator
		{E8A77CA3-96F1-4D02-AEA7-4615136658D9}.Release|iPhoneSimulator.Deploy.0 = Release|iPhoneSimulator
		{E8A77CA3-96F1-4D02-AEA7-4615136658D9}.Release|x64.ActiveCfg = Release|iPhone
		{E8A77CA3-96F1-4D02-AEA7-4615136658D9}.Release|x64.Build.0 = Release|iPhone
		{E8A77CA3-96F1-4D02-AEA7-4615136658D9}.Release|x64.Deploy.0 = Release|iPhone
		{E8A77CA3-96F1-4D02-AEA7-4615136658D9}.Release|x86.ActiveCfg = Release|iPhone
		{E8A77CA3-96F1-4D02-AEA7-4615136658D9}.Release|x86.Build.0 = Release|iPhone
		{E8A77CA3-96F1-4D02-AEA7-4615136658D9}.Release|x86.Deploy.0 = Release|iPhone
		{BE301715-B1C1-40F2-BED8-EC754D60B1B9}.Ad-Hoc|Any CPU.ActiveCfg = Release|x86
		{BE301715-B1C1-40F2-BED8-EC754D60B1B9}.Ad-Hoc|Any CPU.Build.0 = Release|x86
		{BE301715-B1C1-40F2-BED8-EC754D60B1B9}.Ad-Hoc|Any CPU.Deploy.0 = Release|x86
		{BE301715-B1C1-40F2-BED8-EC754D60B1B9}.Ad-Hoc|ARM.ActiveCfg = Release|ARM
		{BE301715-B1C1-40F2-BED8-EC754D60B1B9}.Ad-Hoc|ARM.Build.0 = Release|ARM
		{BE301715-B1C1-40F2-BED8-EC754D60B1B9}.Ad-Hoc|ARM.Deploy.0 = Release|ARM
		{BE301715-B1C1-40F2-BED8-EC754D60B1B9}.Ad-Hoc|iPhone.ActiveCfg = Release|x86
		{BE301715-B1C1-40F2-BED8-EC754D60B1B9}.Ad-Hoc|iPhone.Build.0 = Release|x86
		{BE301715-B1C1-40F2-BED8-EC754D60B1B9}.Ad-Hoc|iPhone.Deploy.0 = Release|x86
		{BE301715-B1C1-40F2-BED8-EC754D60B1B9}.Ad-Hoc|iPhoneSimulator.ActiveCfg = Release|x86
		{BE301715-B1C1-40F2-BED8-EC754D60B1B9}.Ad-Hoc|iPhoneSimulator.Build.0 = Release|x86
		{BE301715-B1C1-40F2-BED8-EC754D60B1B9}.Ad-Hoc|iPhoneSimulator.Deploy.0 = Release|x86
		{BE301715-B1C1-40F2-BED8-EC754D60B1B9}.Ad-Hoc|x64.ActiveCfg = Release|x64
		{BE301715-B1C1-40F2-BED8-EC754D60B1B9}.Ad-Hoc|x64.Build.0 = Release|x64
		{BE301715-B1C1-40F2-BED8-EC754D60B1B9}.Ad-Hoc|x64.Deploy.0 = Release|x64
		{BE301715-B1C1-40F2-BED8-EC754D60B1B9}.Ad-Hoc|x86.ActiveCfg = Release|x86
		{BE301715-B1C1-40F2-BED8-EC754D60B1B9}.Ad-Hoc|x86.Build.0 = Release|x86
		{BE301715-B1C1-40F2-BED8-EC754D60B1B9}.Ad-Hoc|x86.Deploy.0 = Release|x86
		{BE301715-B1C1-40F2-BED8-EC754D60B1B9}.AppStore|Any CPU.ActiveCfg = Release|x86
		{BE301715-B1C1-40F2-BED8-EC754D60B1B9}.AppStore|Any CPU.Build.0 = Release|x86
		{BE301715-B1C1-40F2-BED8-EC754D60B1B9}.AppStore|Any CPU.Deploy.0 = Release|x86
		{BE301715-B1C1-40F2-BED8-EC754D60B1B9}.AppStore|ARM.ActiveCfg = Release|ARM
		{BE301715-B1C1-40F2-BED8-EC754D60B1B9}.AppStore|ARM.Build.0 = Release|ARM
		{BE301715-B1C1-40F2-BED8-EC754D60B1B9}.AppStore|ARM.Deploy.0 = Release|ARM
		{BE301715-B1C1-40F2-BED8-EC754D60B1B9}.AppStore|iPhone.ActiveCfg = Release|x86
		{BE301715-B1C1-40F2-BED8-EC754D60B1B9}.AppStore|iPhone.Build.0 = Release|x86
		{BE301715-B1C1-40F2-BED8-EC754D60B1B9}.AppStore|iPhone.Deploy.0 = Release|x86
		{BE301715-B1C1-40F2-BED8-EC754D60B1B9}.AppStore|iPhoneSimulator.ActiveCfg = Release|x86
		{BE301715-B1C1-40F2-BED8-EC754D60B1B9}.AppStore|iPhoneSimulator.Build.0 = Release|x86
		{BE301715-B1C1-40F2-BED8-EC754D60B1B9}.AppStore|iPhoneSimulator.Deploy.0 = Release|x86
		{BE301715-B1C1-40F2-BED8-EC754D60B1B9}.AppStore|x64.ActiveCfg = Release|x64
		{BE301715-B1C1-40F2-BED8-EC754D60B1B9}.AppStore|x64.Build.0 = Release|x64
		{BE301715-B1C1-40F2-BED8-EC754D60B1B9}.AppStore|x64.Deploy.0 = Release|x64
		{BE301715-B1C1-40F2-BED8-EC754D60B1B9}.AppStore|x86.ActiveCfg = Release|x86
		{BE301715-B1C1-40F2-BED8-EC754D60B1B9}.AppStore|x86.Build.0 = Release|x86
		{BE301715-B1C1-40F2-BED8-EC754D60B1B9}.AppStore|x86.Deploy.0 = Release|x86
		{BE301715-B1C1-40F2-BED8-EC754D60B1B9}.Debug|Any CPU.ActiveCfg = Debug|x86
		{BE301715-B1C1-40F2-BED8-EC754D60B1B9}.Debug|Any CPU.Build.0 = Debug|x86
		{BE301715-B1C1-40F2-BED8-EC754D60B1B9}.Debug|Any CPU.Deploy.0 = Debug|x86
		{BE301715-B1C1-40F2-BED8-EC754D60B1B9}.Debug|ARM.ActiveCfg = Debug|ARM
		{BE301715-B1C1-40F2-BED8-EC754D60B1B9}.Debug|ARM.Build.0 = Debug|ARM
		{BE301715-B1C1-40F2-BED8-EC754D60B1B9}.Debug|ARM.Deploy.0 = Debug|ARM
		{BE301715-B1C1-40F2-BED8-EC754D60B1B9}.Debug|iPhone.ActiveCfg = Debug|x86
		{BE301715-B1C1-40F2-BED8-EC754D60B1B9}.Debug|iPhone.Build.0 = Debug|x86
		{BE301715-B1C1-40F2-BED8-EC754D60B1B9}.Debug|iPhone.Deploy.0 = Debug|x86
		{BE301715-B1C1-40F2-BED8-EC754D60B1B9}.Debug|iPhoneSimulator.ActiveCfg = Debug|x86
		{BE301715-B1C1-40F2-BED8-EC754D60B1B9}.Debug|iPhoneSimulator.Build.0 = Debug|x86
		{BE301715-B1C1-40F2-BED8-EC754D60B1B9}.Debug|iPhoneSimulator.Deploy.0 = Debug|x86
		{BE301715-B1C1-40F2-BED8-EC754D60B1B9}.Debug|x64.ActiveCfg = Debug|x64
		{BE301715-B1C1-40F2-BED8-EC754D60B1B9}.Debug|x64.Build.0 = Debug|x64
		{BE301715-B1C1-40F2-BED8-EC754D60B1B9}.Debug|x64.Deploy.0 = Debug|x64
		{BE301715-B1C1-40F2-BED8-EC754D60B1B9}.Debug|x86.ActiveCfg = Debug|x86
		{BE301715-B1C1-40F2-BED8-EC754D60B1B9}.Debug|x86.Build.0 = Debug|x86
		{BE301715-B1C1-40F2-BED8-EC754D60B1B9}.Debug|x86.Deploy.0 = Debug|x86
		{BE301715-B1C1-40F2-BED8-EC754D60B1B9}.Release|Any CPU.ActiveCfg = Release|x86
		{BE301715-B1C1-40F2-BED8-EC754D60B1B9}.Release|Any CPU.Build.0 = Release|x86
		{BE301715-B1C1-40F2-BED8-EC754D60B1B9}.Release|Any CPU.Deploy.0 = Release|x86
		{BE301715-B1C1-40F2-BED8-EC754D60B1B9}.Release|ARM.ActiveCfg = Release|ARM
		{BE301715-B1C1-40F2-BED8-EC754D60B1B9}.Release|ARM.Build.0 = Release|ARM
		{BE301715-B1C1-40F2-BED8-EC754D60B1B9}.Release|ARM.Deploy.0 = Release|ARM
		{BE301715-B1C1-40F2-BED8-EC754D60B1B9}.Release|iPhone.ActiveCfg = Release|x86
		{BE301715-B1C1-40F2-BED8-EC754D60B1B9}.Release|iPhone.Build.0 = Release|x86
		{BE301715-B1C1-40F2-BED8-EC754D60B1B9}.Release|iPhone.Deploy.0 = Release|x86
		{BE301715-B1C1-40F2-BED8-EC754D60B1B9}.Release|iPhoneSimulator.ActiveCfg = Release|x86
		{BE301715-B1C1-40F2-BED8-EC754D60B1B9}.Release|iPhoneSimulator.Build.0 = Release|x86
		{BE301715-B1C1-40F2-BED8-EC754D60B1B9}.Release|iPhoneSimulator.Deploy.0 = Release|x86
		{BE301715-B1C1-40F2-BED8-EC754D60B1B9}.Release|x64.ActiveCfg = Release|x64
		{BE301715-B1C1-40F2-BED8-EC754D60B1B9}.Release|x64.Build.0 = Release|x64
		{BE301715-B1C1-40F2-BED8-EC754D60B1B9}.Release|x64.Deploy.0 = Release|x64
		{BE301715-B1C1-40F2-BED8-EC754D60B1B9}.Release|x86.ActiveCfg = Release|x86
		{BE301715-B1C1-40F2-BED8-EC754D60B1B9}.Release|x86.Build.0 = Release|x86
		{BE301715-B1C1-40F2-BED8-EC754D60B1B9}.Release|x86.Deploy.0 = Release|x86
		{568B1EBC-B183-4643-8079-A1481376C849}.Ad-Hoc|Any CPU.ActiveCfg = Debug|Any CPU
		{568B1EBC-B183-4643-8079-A1481376C849}.Ad-Hoc|Any CPU.Build.0 = Debug|Any CPU
		{568B1EBC-B183-4643-8079-A1481376C849}.Ad-Hoc|Any CPU.Deploy.0 = Debug|Any CPU
		{568B1EBC-B183-4643-8079-A1481376C849}.Ad-Hoc|ARM.ActiveCfg = Debug|Any CPU
		{568B1EBC-B183-4643-8079-A1481376C849}.Ad-Hoc|ARM.Build.0 = Debug|Any CPU
		{568B1EBC-B183-4643-8079-A1481376C849}.Ad-Hoc|ARM.Deploy.0 = Debug|Any CPU
		{568B1EBC-B183-4643-8079-A1481376C849}.Ad-Hoc|iPhone.ActiveCfg = Debug|Any CPU
		{568B1EBC-B183-4643-8079-A1481376C849}.Ad-Hoc|iPhone.Build.0 = Debug|Any CPU
		{568B1EBC-B183-4643-8079-A1481376C849}.Ad-Hoc|iPhone.Deploy.0 = Debug|Any CPU
		{568B1EBC-B183-4643-8079-A1481376C849}.Ad-Hoc|iPhoneSimulator.ActiveCfg = Debug|Any CPU
		{568B1EBC-B183-4643-8079-A1481376C849}.Ad-Hoc|iPhoneSimulator.Build.0 = Debug|Any CPU
		{568B1EBC-B183-4643-8079-A1481376C849}.Ad-Hoc|iPhoneSimulator.Deploy.0 = Debug|Any CPU
		{568B1EBC-B183-4643-8079-A1481376C849}.Ad-Hoc|x64.ActiveCfg = Debug|Any CPU
		{568B1EBC-B183-4643-8079-A1481376C849}.Ad-Hoc|x64.Build.0 = Debug|Any CPU
		{568B1EBC-B183-4643-8079-A1481376C849}.Ad-Hoc|x64.Deploy.0 = Debug|Any CPU
		{568B1EBC-B183-4643-8079-A1481376C849}.Ad-Hoc|x86.ActiveCfg = Debug|Any CPU
		{568B1EBC-B183-4643-8079-A1481376C849}.Ad-Hoc|x86.Build.0 = Debug|Any CPU
		{568B1EBC-B183-4643-8079-A1481376C849}.Ad-Hoc|x86.Deploy.0 = Debug|Any CPU
		{568B1EBC-B183-4643-8079-A1481376C849}.AppStore|Any CPU.ActiveCfg = Debug|Any CPU
		{568B1EBC-B183-4643-8079-A1481376C849}.AppStore|Any CPU.Build.0 = Debug|Any CPU
		{568B1EBC-B183-4643-8079-A1481376C849}.AppStore|Any CPU.Deploy.0 = Debug|Any CPU
		{568B1EBC-B183-4643-8079-A1481376C849}.AppStore|ARM.ActiveCfg = Debug|Any CPU
		{568B1EBC-B183-4643-8079-A1481376C849}.AppStore|ARM.Build.0 = Debug|Any CPU
		{568B1EBC-B183-4643-8079-A1481376C849}.AppStore|ARM.Deploy.0 = Debug|Any CPU
		{568B1EBC-B183-4643-8079-A1481376C849}.AppStore|iPhone.ActiveCfg = Debug|Any CPU
		{568B1EBC-B183-4643-8079-A1481376C849}.AppStore|iPhone.Build.0 = Debug|Any CPU
		{568B1EBC-B183-4643-8079-A1481376C849}.AppStore|iPhone.Deploy.0 = Debug|Any CPU
		{568B1EBC-B183-4643-8079-A1481376C849}.AppStore|iPhoneSimulator.ActiveCfg = Debug|Any CPU
		{568B1EBC-B183-4643-8079-A1481376C849}.AppStore|iPhoneSimulator.Build.0 = Debug|Any CPU
		{568B1EBC-B183-4643-8079-A1481376C849}.AppStore|iPhoneSimulator.Deploy.0 = Debug|Any CPU
		{568B1EBC-B183-4643-8079-A1481376C849}.AppStore|x64.ActiveCfg = Debug|Any CPU
		{568B1EBC-B183-4643-8079-A1481376C849}.AppStore|x64.Build.0 = Debug|Any CPU
		{568B1EBC-B183-4643-8079-A1481376C849}.AppStore|x64.Deploy.0 = Debug|Any CPU
		{568B1EBC-B183-4643-8079-A1481376C849}.AppStore|x86.ActiveCfg = Debug|Any CPU
		{568B1EBC-B183-4643-8079-A1481376C849}.AppStore|x86.Build.0 = Debug|Any CPU
		{568B1EBC-B183-4643-8079-A1481376C849}.AppStore|x86.Deploy.0 = Debug|Any CPU
		{568B1EBC-B183-4643-8079-A1481376C849}.Debug|Any CPU.ActiveCfg = Debug|Any CPU
		{568B1EBC-B183-4643-8079-A1481376C849}.Debug|Any CPU.Build.0 = Debug|Any CPU
		{568B1EBC-B183-4643-8079-A1481376C849}.Debug|Any CPU.Deploy.0 = Debug|Any CPU
		{568B1EBC-B183-4643-8079-A1481376C849}.Debug|ARM.ActiveCfg = Debug|Any CPU
		{568B1EBC-B183-4643-8079-A1481376C849}.Debug|ARM.Build.0 = Debug|Any CPU
		{568B1EBC-B183-4643-8079-A1481376C849}.Debug|ARM.Deploy.0 = Debug|Any CPU
		{568B1EBC-B183-4643-8079-A1481376C849}.Debug|iPhone.ActiveCfg = Debug|Any CPU
		{568B1EBC-B183-4643-8079-A1481376C849}.Debug|iPhone.Build.0 = Debug|Any CPU
		{568B1EBC-B183-4643-8079-A1481376C849}.Debug|iPhone.Deploy.0 = Debug|Any CPU
		{568B1EBC-B183-4643-8079-A1481376C849}.Debug|iPhoneSimulator.ActiveCfg = Debug|Any CPU
		{568B1EBC-B183-4643-8079-A1481376C849}.Debug|iPhoneSimulator.Build.0 = Debug|Any CPU
		{568B1EBC-B183-4643-8079-A1481376C849}.Debug|iPhoneSimulator.Deploy.0 = Debug|Any CPU
		{568B1EBC-B183-4643-8079-A1481376C849}.Debug|x64.ActiveCfg = Debug|Any CPU
		{568B1EBC-B183-4643-8079-A1481376C849}.Debug|x64.Build.0 = Debug|Any CPU
		{568B1EBC-B183-4643-8079-A1481376C849}.Debug|x64.Deploy.0 = Debug|Any CPU
		{568B1EBC-B183-4643-8079-A1481376C849}.Debug|x86.ActiveCfg = Debug|Any CPU
		{568B1EBC-B183-4643-8079-A1481376C849}.Debug|x86.Build.0 = Debug|Any CPU
		{568B1EBC-B183-4643-8079-A1481376C849}.Debug|x86.Deploy.0 = Debug|Any CPU
		{568B1EBC-B183-4643-8079-A1481376C849}.Release|Any CPU.ActiveCfg = Release|Any CPU
		{568B1EBC-B183-4643-8079-A1481376C849}.Release|Any CPU.Build.0 = Release|Any CPU
		{568B1EBC-B183-4643-8079-A1481376C849}.Release|Any CPU.Deploy.0 = Release|Any CPU
		{568B1EBC-B183-4643-8079-A1481376C849}.Release|ARM.ActiveCfg = Release|Any CPU
		{568B1EBC-B183-4643-8079-A1481376C849}.Release|ARM.Build.0 = Release|Any CPU
		{568B1EBC-B183-4643-8079-A1481376C849}.Release|ARM.Deploy.0 = Release|Any CPU
		{568B1EBC-B183-4643-8079-A1481376C849}.Release|iPhone.ActiveCfg = Release|Any CPU
		{568B1EBC-B183-4643-8079-A1481376C849}.Release|iPhone.Build.0 = Release|Any CPU
		{568B1EBC-B183-4643-8079-A1481376C849}.Release|iPhone.Deploy.0 = Release|Any CPU
		{568B1EBC-B183-4643-8079-A1481376C849}.Release|iPhoneSimulator.ActiveCfg = Release|Any CPU
		{568B1EBC-B183-4643-8079-A1481376C849}.Release|iPhoneSimulator.Build.0 = Release|Any CPU
		{568B1EBC-B183-4643-8079-A1481376C849}.Release|iPhoneSimulator.Deploy.0 = Release|Any CPU
		{568B1EBC-B183-4643-8079-A1481376C849}.Release|x64.ActiveCfg = Release|Any CPU
		{568B1EBC-B183-4643-8079-A1481376C849}.Release|x64.Build.0 = Release|Any CPU
		{568B1EBC-B183-4643-8079-A1481376C849}.Release|x64.Deploy.0 = Release|Any CPU
		{568B1EBC-B183-4643-8079-A1481376C849}.Release|x86.ActiveCfg = Release|Any CPU
		{568B1EBC-B183-4643-8079-A1481376C849}.Release|x86.Build.0 = Release|Any CPU
		{568B1EBC-B183-4643-8079-A1481376C849}.Release|x86.Deploy.0 = Release|Any CPU
	EndGlobalSection
	GlobalSection(SolutionProperties) = preSolution
		HideSolutionNode = FALSE
	EndGlobalSection
	GlobalSection(ExtensibilityGlobals) = postSolution
		SolutionGuid = {3DD8381C-6C56-49B2-8837-A1483EFE77FF}
	EndGlobalSection
EndGlobal
